
Microsoft Visual Studio Solution File, Format Version 12.00
# Visual Studio Version 17
VisualStudioVersion = 17.3.32901.215
MinimumVisualStudioVersion = 10.0.40219.1
Project("{FAE04EC0-301F-11D3-BF4B-00C04F79EFBC}") = "TAskHomeworkCOpyCodes", "TAskHomeworkCOpyCodes\TAskHomeworkCOpyCodes.csproj", "{BC4119AA-2D53-408A-A712-FE3DA2D66E9F}"
EndProject
Global
	GlobalSection(SolutionConfigurationPlatforms) = preSolution
		Debug|Any CPU = Debug|Any CPU
		Release|Any CPU = Release|Any CPU
	EndGlobalSection
	GlobalSection(ProjectConfigurationPlatforms) = postSolution
		{BC4119AA-2D53-408A-A712-FE3DA2D66E9F}.Debug|Any CPU.ActiveCfg = Debug|Any CPU
		{BC4119AA-2D53-408A-A712-FE3DA2D66E9F}.Debug|Any CPU.Build.0 = Debug|Any CPU
		{BC4119AA-2D53-408A-A712-FE3DA2D66E9F}.Release|Any CPU.ActiveCfg = Release|Any CPU
		{BC4119AA-2D53-408A-A712-FE3DA2D66E9F}.Release|Any CPU.Build.0 = Release|Any CPU
	EndGlobalSection
	GlobalSection(SolutionProperties) = preSolution
		HideSolutionNode = FALSE
	EndGlobalSection
	GlobalSection(ExtensibilityGlobals) = postSolution
		SolutionGuid = {C2812719-5813-4CB5-B542-846AE0FBA457}
	EndGlobalSection
EndGlobal
